
Microsoft Visual Studio Solution File, Format Version 12.00
# Visual Studio 14
VisualStudioVersion = 14.0.24720.0
MinimumVisualStudioVersion = 10.0.40219.1
Project("{FAE04EC0-301F-11D3-BF4B-00C04F79EFBC}") = "NumbersFrom1ToN", "NumbersFrom1ToN\NumbersFrom1ToN.csproj", "{B2B53238-5E48-484C-923D-9A4D70DD2D43}"
EndProject
Project("{FAE04EC0-301F-11D3-BF4B-00C04F79EFBC}") = "NotDivisibleNumbers", "NotDivisibleNumbers\NotDivisibleNumbers.csproj", "{71C1E4D3-B2F0-45D1-AD46-168C76A78B6B}"
EndProject
Project("{FAE04EC0-301F-11D3-BF4B-00C04F79EFBC}") = "MMSAOfNNumbers", "MMSAOfNNumbers\MMSAOfNNumbers.csproj", "{0B3A3D28-D684-4698-B112-94FD1689B78F}"
EndProject
Project("{FAE04EC0-301F-11D3-BF4B-00C04F79EFBC}") = "PrintADeck", "PrintADeck\PrintADeck.csproj", "{70CFF018-020A-4264-BEF4-4672868C224E}"
EndProject
Project("{FAE04EC0-301F-11D3-BF4B-00C04F79EFBC}") = "Calculate!", "Calculate!\Calculate!.csproj", "{8AC8727B-FCFC-45E8-8E64-E9D8A0FFB6F2}"
EndProject
Project("{FAE04EC0-301F-11D3-BF4B-00C04F79EFBC}") = "CalculateAgain", "CalculateAgain\CalculateAgain.csproj", "{8752F953-774B-4138-8AC3-5743BE0C192F}"
EndProject
Project("{FAE04EC0-301F-11D3-BF4B-00C04F79EFBC}") = "Calculate3!", "Calculate3!\Calculate3!.csproj", "{536C5A6D-7ADF-4871-9D96-A9D624AB1D23}"
EndProject
Project("{FAE04EC0-301F-11D3-BF4B-00C04F79EFBC}") = "CatalanNumbers", "CatalanNumbers\CatalanNumbers.csproj", "{4946A633-BB2C-45CF-A571-2620512EF9D4}"
EndProject
Project("{FAE04EC0-301F-11D3-BF4B-00C04F79EFBC}") = "MatrixOfNumbers", "MatrixOfNumbers\MatrixOfNumbers.csproj", "{8EF1F1A4-1520-4B88-A47B-0A4326E09E39}"
EndProject
Project("{FAE04EC0-301F-11D3-BF4B-00C04F79EFBC}") = "OddAndEvenProduct", "OddAndEvenProduct\OddAndEvenProduct.csproj", "{603D27C7-281B-425A-B503-DFD9BF61A733}"
EndProject
Project("{FAE04EC0-301F-11D3-BF4B-00C04F79EFBC}") = "BinaryToDecimal", "BinaryToDecimal\BinaryToDecimal.csproj", "{99606FFC-1ACC-4FD6-ABB9-627E3DC71C78}"
EndProject
Project("{FAE04EC0-301F-11D3-BF4B-00C04F79EFBC}") = "DecimalToBinary", "DecimalToBinary\DecimalToBinary.csproj", "{15C9D742-2DC6-4391-83C8-BC5305426C04}"
EndProject
Project("{FAE04EC0-301F-11D3-BF4B-00C04F79EFBC}") = "DecimalToHex", "DecimalToHex\DecimalToHex.csproj", "{E7BA6997-E55D-404B-BDD4-30CB796E5F03}"
EndProject
Project("{FAE04EC0-301F-11D3-BF4B-00C04F79EFBC}") = "HexToDecimal", "HexToDecimal\HexToDecimal.csproj", "{E0799A93-2838-4679-BAD3-5A0266B95530}"
EndProject
Project("{FAE04EC0-301F-11D3-BF4B-00C04F79EFBC}") = "GreatestCommonDivisor", "GreatestCommonDivisor\GreatestCommonDivisor.csproj", "{347C2B52-70D8-457A-957D-D447BF47FE8A}"
EndProject
Project("{FAE04EC0-301F-11D3-BF4B-00C04F79EFBC}") = "Trailing0InN!", "Trailing0InN!\Trailing0InN!.csproj", "{A7897B11-6638-4A4F-A812-EE7C32848414}"
EndProject
Project("{FAE04EC0-301F-11D3-BF4B-00C04F79EFBC}") = "SpiralMatrix", "SpiralMatrix\SpiralMatrix.csproj", "{E8D8D18A-08B3-4A38-B0DF-9327EB1A8CAF}"
EndProject
Global
	GlobalSection(SolutionConfigurationPlatforms) = preSolution
		Debug|Any CPU = Debug|Any CPU
		Release|Any CPU = Release|Any CPU
	EndGlobalSection
	GlobalSection(ProjectConfigurationPlatforms) = postSolution
		{B2B53238-5E48-484C-923D-9A4D70DD2D43}.Debug|Any CPU.ActiveCfg = Debug|Any CPU
		{B2B53238-5E48-484C-923D-9A4D70DD2D43}.Debug|Any CPU.Build.0 = Debug|Any CPU
		{B2B53238-5E48-484C-923D-9A4D70DD2D43}.Release|Any CPU.ActiveCfg = Release|Any CPU
		{B2B53238-5E48-484C-923D-9A4D70DD2D43}.Release|Any CPU.Build.0 = Release|Any CPU
		{71C1E4D3-B2F0-45D1-AD46-168C76A78B6B}.Debug|Any CPU.ActiveCfg = Debug|Any CPU
		{71C1E4D3-B2F0-45D1-AD46-168C76A78B6B}.Debug|Any CPU.Build.0 = Debug|Any CPU
		{71C1E4D3-B2F0-45D1-AD46-168C76A78B6B}.Release|Any CPU.ActiveCfg = Release|Any CPU
		{71C1E4D3-B2F0-45D1-AD46-168C76A78B6B}.Release|Any CPU.Build.0 = Release|Any CPU
		{0B3A3D28-D684-4698-B112-94FD1689B78F}.Debug|Any CPU.ActiveCfg = Debug|Any CPU
		{0B3A3D28-D684-4698-B112-94FD1689B78F}.Debug|Any CPU.Build.0 = Debug|Any CPU
		{0B3A3D28-D684-4698-B112-94FD1689B78F}.Release|Any CPU.ActiveCfg = Release|Any CPU
		{0B3A3D28-D684-4698-B112-94FD1689B78F}.Release|Any CPU.Build.0 = Release|Any CPU
		{70CFF018-020A-4264-BEF4-4672868C224E}.Debug|Any CPU.ActiveCfg = Debug|Any CPU
		{70CFF018-020A-4264-BEF4-4672868C224E}.Debug|Any CPU.Build.0 = Debug|Any CPU
		{70CFF018-020A-4264-BEF4-4672868C224E}.Release|Any CPU.ActiveCfg = Release|Any CPU
		{70CFF018-020A-4264-BEF4-4672868C224E}.Release|Any CPU.Build.0 = Release|Any CPU
		{8AC8727B-FCFC-45E8-8E64-E9D8A0FFB6F2}.Debug|Any CPU.ActiveCfg = Debug|Any CPU
		{8AC8727B-FCFC-45E8-8E64-E9D8A0FFB6F2}.Debug|Any CPU.Build.0 = Debug|Any CPU
		{8AC8727B-FCFC-45E8-8E64-E9D8A0FFB6F2}.Release|Any CPU.ActiveCfg = Release|Any CPU
		{8AC8727B-FCFC-45E8-8E64-E9D8A0FFB6F2}.Release|Any CPU.Build.0 = Release|Any CPU
		{8752F953-774B-4138-8AC3-5743BE0C192F}.Debug|Any CPU.ActiveCfg = Debug|Any CPU
		{8752F953-774B-4138-8AC3-5743BE0C192F}.Debug|Any CPU.Build.0 = Debug|Any CPU
		{8752F953-774B-4138-8AC3-5743BE0C192F}.Release|Any CPU.ActiveCfg = Release|Any CPU
		{8752F953-774B-4138-8AC3-5743BE0C192F}.Release|Any CPU.Build.0 = Release|Any CPU
		{536C5A6D-7ADF-4871-9D96-A9D624AB1D23}.Debug|Any CPU.ActiveCfg = Debug|Any CPU
		{536C5A6D-7ADF-4871-9D96-A9D624AB1D23}.Debug|Any CPU.Build.0 = Debug|Any CPU
		{536C5A6D-7ADF-4871-9D96-A9D624AB1D23}.Release|Any CPU.ActiveCfg = Release|Any CPU
		{536C5A6D-7ADF-4871-9D96-A9D624AB1D23}.Release|Any CPU.Build.0 = Release|Any CPU
		{4946A633-BB2C-45CF-A571-2620512EF9D4}.Debug|Any CPU.ActiveCfg = Debug|Any CPU
		{4946A633-BB2C-45CF-A571-2620512EF9D4}.Debug|Any CPU.Build.0 = Debug|Any CPU
		{4946A633-BB2C-45CF-A571-2620512EF9D4}.Release|Any CPU.ActiveCfg = Release|Any CPU
		{4946A633-BB2C-45CF-A571-2620512EF9D4}.Release|Any CPU.Build.0 = Release|Any CPU
		{8EF1F1A4-1520-4B88-A47B-0A4326E09E39}.Debug|Any CPU.ActiveCfg = Debug|Any CPU
		{8EF1F1A4-1520-4B88-A47B-0A4326E09E39}.Debug|Any CPU.Build.0 = Debug|Any CPU
		{8EF1F1A4-1520-4B88-A47B-0A4326E09E39}.Release|Any CPU.ActiveCfg = Release|Any CPU
		{8EF1F1A4-1520-4B88-A47B-0A4326E09E39}.Release|Any CPU.Build.0 = Release|Any CPU
		{603D27C7-281B-425A-B503-DFD9BF61A733}.Debug|Any CPU.ActiveCfg = Debug|Any CPU
		{603D27C7-281B-425A-B503-DFD9BF61A733}.Debug|Any CPU.Build.0 = Debug|Any CPU
		{603D27C7-281B-425A-B503-DFD9BF61A733}.Release|Any CPU.ActiveCfg = Release|Any CPU
		{603D27C7-281B-425A-B503-DFD9BF61A733}.Release|Any CPU.Build.0 = Release|Any CPU
		{99606FFC-1ACC-4FD6-ABB9-627E3DC71C78}.Debug|Any CPU.ActiveCfg = Debug|Any CPU
		{99606FFC-1ACC-4FD6-ABB9-627E3DC71C78}.Debug|Any CPU.Build.0 = Debug|Any CPU
		{99606FFC-1ACC-4FD6-ABB9-627E3DC71C78}.Release|Any CPU.ActiveCfg = Release|Any CPU
		{99606FFC-1ACC-4FD6-ABB9-627E3DC71C78}.Release|Any CPU.Build.0 = Release|Any CPU
		{15C9D742-2DC6-4391-83C8-BC5305426C04}.Debug|Any CPU.ActiveCfg = Debug|Any CPU
		{15C9D742-2DC6-4391-83C8-BC5305426C04}.Debug|Any CPU.Build.0 = Debug|Any CPU
		{15C9D742-2DC6-4391-83C8-BC5305426C04}.Release|Any CPU.ActiveCfg = Release|Any CPU
		{15C9D742-2DC6-4391-83C8-BC5305426C04}.Release|Any CPU.Build.0 = Release|Any CPU
		{E7BA6997-E55D-404B-BDD4-30CB796E5F03}.Debug|Any CPU.ActiveCfg = Debug|Any CPU
		{E7BA6997-E55D-404B-BDD4-30CB796E5F03}.Debug|Any CPU.Build.0 = Debug|Any CPU
		{E7BA6997-E55D-404B-BDD4-30CB796E5F03}.Release|Any CPU.ActiveCfg = Release|Any CPU
		{E7BA6997-E55D-404B-BDD4-30CB796E5F03}.Release|Any CPU.Build.0 = Release|Any CPU
		{E0799A93-2838-4679-BAD3-5A0266B95530}.Debug|Any CPU.ActiveCfg = Debug|Any CPU
		{E0799A93-2838-4679-BAD3-5A0266B95530}.Debug|Any CPU.Build.0 = Debug|Any CPU
		{E0799A93-2838-4679-BAD3-5A0266B95530}.Release|Any CPU.ActiveCfg = Release|Any CPU
		{E0799A93-2838-4679-BAD3-5A0266B95530}.Release|Any CPU.Build.0 = Release|Any CPU
		{347C2B52-70D8-457A-957D-D447BF47FE8A}.Debug|Any CPU.ActiveCfg = Debug|Any CPU
		{347C2B52-70D8-457A-957D-D447BF47FE8A}.Debug|Any CPU.Build.0 = Debug|Any CPU
		{347C2B52-70D8-457A-957D-D447BF47FE8A}.Release|Any CPU.ActiveCfg = Release|Any CPU
		{347C2B52-70D8-457A-957D-D447BF47FE8A}.Release|Any CPU.Build.0 = Release|Any CPU
		{A7897B11-6638-4A4F-A812-EE7C32848414}.Debug|Any CPU.ActiveCfg = Debug|Any CPU
		{A7897B11-6638-4A4F-A812-EE7C32848414}.Debug|Any CPU.Build.0 = Debug|Any CPU
		{A7897B11-6638-4A4F-A812-EE7C32848414}.Release|Any CPU.ActiveCfg = Release|Any CPU
		{A7897B11-6638-4A4F-A812-EE7C32848414}.Release|Any CPU.Build.0 = Release|Any CPU
		{E8D8D18A-08B3-4A38-B0DF-9327EB1A8CAF}.Debug|Any CPU.ActiveCfg = Debug|Any CPU
		{E8D8D18A-08B3-4A38-B0DF-9327EB1A8CAF}.Debug|Any CPU.Build.0 = Debug|Any CPU
		{E8D8D18A-08B3-4A38-B0DF-9327EB1A8CAF}.Release|Any CPU.ActiveCfg = Release|Any CPU
		{E8D8D18A-08B3-4A38-B0DF-9327EB1A8CAF}.Release|Any CPU.Build.0 = Release|Any CPU
	EndGlobalSection
	GlobalSection(SolutionProperties) = preSolution
		HideSolutionNode = FALSE
	EndGlobalSection
EndGlobal
